
Microsoft Visual Studio Solution File, Format Version 12.00
# Visual Studio Version 16
VisualStudioVersion = 16.0.30002.166
MinimumVisualStudioVersion = 10.0.40219.1
Project("{9A19103F-16F7-4668-BE54-9A1E7A4F7556}") = "MultiFactorAuthentication.Web", "MultiFactorAuthentication.Web\MultiFactorAuthentication.Web.csproj", "{C814DE02-C84A-4596-BBD7-472370BD8BB3}"
EndProject
Global
	GlobalSection(SolutionConfigurationPlatforms) = preSolution
		Debug|Any CPU = Debug|Any CPU
		Release|Any CPU = Release|Any CPU
	EndGlobalSection
	GlobalSection(ProjectConfigurationPlatforms) = postSolution
		{C814DE02-C84A-4596-BBD7-472370BD8BB3}.Debug|Any CPU.ActiveCfg = Debug|Any CPU
		{C814DE02-C84A-4596-BBD7-472370BD8BB3}.Debug|Any CPU.Build.0 = Debug|Any CPU
		{C814DE02-C84A-4596-BBD7-472370BD8BB3}.Release|Any CPU.ActiveCfg = Release|Any CPU
		{C814DE02-C84A-4596-BBD7-472370BD8BB3}.Release|Any CPU.Build.0 = Release|Any CPU
	EndGlobalSection
	GlobalSection(SolutionProperties) = preSolution
		HideSolutionNode = FALSE
	EndGlobalSection
	GlobalSection(ExtensibilityGlobals) = postSolution
		SolutionGuid = {CDBD2A99-0718-4219-A96D-9AE1550DF62B}
	EndGlobalSection
EndGlobal
